<Solution>
  <Project Path="ChalkboardChat.BLL.Tests/ChalkboardChat.BLL.Tests.csproj" Id="198973d3-0fc2-4ba0-9844-113d54dd287e" />
  <Project Path="ChalkboardChat.BLL/ChalkboardChat.BLL.csproj" />
  <Project Path="ChalkboardChat.DAL.Tests/ChalkboardChat.DAL.Tests.csproj" Id="0cd13bec-df42-484f-8fb4-49fee74471af" />
  <Project Path="ChalkboardChat.DAL/ChalkboardChat.DAL.csproj" />
  <Project Path="ChalkboardChat.UI/ChalkboardChat.UI.csproj" />
</Solution>
